
Microsoft Visual Studio Solution File, Format Version 12.00
# Visual Studio Version 16
VisualStudioVersion = 16.0.32126.315
MinimumVisualStudioVersion = 10.0.40219.1
Project("{FAE04EC0-301F-11D3-BF4B-00C04F79EFBC}") = "Arrays", "Arrays\Arrays.csproj", "{214DCAB2-6262-44CC-AA57-D8E8B06C9311}"
EndProject
Global
	GlobalSection(SolutionConfigurationPlatforms) = preSolution
		Debug|Any CPU = Debug|Any CPU
		Release|Any CPU = Release|Any CPU
	EndGlobalSection
	GlobalSection(ProjectConfigurationPlatforms) = postSolution
		{214DCAB2-6262-44CC-AA57-D8E8B06C9311}.Debug|Any CPU.ActiveCfg = Debug|Any CPU
		{214DCAB2-6262-44CC-AA57-D8E8B06C9311}.Debug|Any CPU.Build.0 = Debug|Any CPU
		{214DCAB2-6262-44CC-AA57-D8E8B06C9311}.Release|Any CPU.ActiveCfg = Release|Any CPU
		{214DCAB2-6262-44CC-AA57-D8E8B06C9311}.Release|Any CPU.Build.0 = Release|Any CPU
	EndGlobalSection
	GlobalSection(SolutionProperties) = preSolution
		HideSolutionNode = FALSE
	EndGlobalSection
	GlobalSection(ExtensibilityGlobals) = postSolution
		SolutionGuid = {E5C66422-DB40-420E-87FA-D5D307A9EC56}
	EndGlobalSection
EndGlobal
